{
  "originHash" : "ff04195c45cc6ea01bea958bcd6e365d175439efcce70ca94e94567df1f5438c",
  "pins" : [
    {
      "identity" : "essentials",
      "kind" : "remoteSourceControl",
      "location" : "https://www.github.com/Vaida12345/Essentials",
      "state" : {
        "revision" : "55fc13c34ba1d2157941523dd99597c2faf0c1bc",
        "version" : "1.0.18"
      }
    },
    {
      "identity" : "finderitem",
      "kind" : "remoteSourceControl",
      "location" : "https://www.github.com/Vaida12345/FinderItem",
      "state" : {
        "revision" : "0d4af1b92c1969e638b90236a4671d11fcb564e2",
        "version" : "1.0.11"
      }
    }
  ],
  "version" : 3
}
