{
  "originHash" : "4578880c39b878532abe06eb8454d595c7defe6a9b65fc5a7004fff94764ea2f",
  "pins" : [
    {
      "identity" : "childprocess",
      "kind" : "remoteSourceControl",
      "location" : "https://github.com/Vaida12345/ChildProcess.git",
      "state" : {
        "revision" : "7aee14f7a89334b1e430a6553556445a58add620",
        "version" : "0.2.0"
      }
    },
    {
      "identity" : "detaileddescription",
      "kind" : "remoteSourceControl",
      "location" : "https://github.com/Vaida12345/DetailedDescription.git",
      "state" : {
        "revision" : "d4ae923e6cc5dadc7219d54cbf31912889f7bf33",
        "version" : "2.1.1"
      }
    },
    {
      "identity" : "essentials",
      "kind" : "remoteSourceControl",
      "location" : "https://github.com/Vaida12345/Essentials.git",
      "state" : {
        "revision" : "3af3ea5b2ef7f92edd58a209a2e70a8c1a090c10",
        "version" : "1.1.9"
      }
    },
    {
      "identity" : "finderitem",
      "kind" : "remoteSourceControl",
      "location" : "https://github.com/Vaida12345/FinderItem",
      "state" : {
        "revision" : "280d40db9891e69714573c7f3a435a4254a9b838",
        "version" : "1.2.5"
      }
    },
    {
      "identity" : "jsonparser",
      "kind" : "remoteSourceControl",
      "location" : "https://github.com/Vaida12345/JSONParser.git",
      "state" : {
        "revision" : "d42634c57a9d0fa93965aa97d38196a74957d85f",
        "version" : "1.2.0"
      }
    },
    {
      "identity" : "nativeimage",
      "kind" : "remoteSourceControl",
      "location" : "https://github.com/Vaida12345/NativeImage.git",
      "state" : {
        "revision" : "3b76db00f7ca0198829e1fc0d7d3bf1000b2c502",
        "version" : "1.0.5"
      }
    }
  ],
  "version" : 3
}
