{
  "originHash" : "c6aab13197b985335794e5f08e5863861dd7dbc6599f083137bcf9e86fde03aa",
  "pins" : [
    {
      "identity" : "essentials",
      "kind" : "remoteSourceControl",
      "location" : "https://www.github.com/Vaida12345/Essentials",
      "state" : {
        "revision" : "55fc13c34ba1d2157941523dd99597c2faf0c1bc",
        "version" : "1.0.18"
      }
    },
    {
      "identity" : "finderitem",
      "kind" : "remoteSourceControl",
      "location" : "https://www.github.com/Vaida12345/FinderItem",
      "state" : {
        "revision" : "0d4af1b92c1969e638b90236a4671d11fcb564e2",
        "version" : "1.0.11"
      }
    },
    {
      "identity" : "nativeimage",
      "kind" : "remoteSourceControl",
      "location" : "https://www.github.com/Vaida12345/NativeImage",
      "state" : {
        "revision" : "0211385bf6bcfdb5412342831b1010f0e4930a22",
        "version" : "1.0.1"
      }
    }
  ],
  "version" : 3
}
